
Microsoft Visual Studio Solution File, Format Version 12.00
# Visual Studio Version 16
VisualStudioVersion = 16.0.30803.129
MinimumVisualStudioVersion = 10.0.40219.1
Project("{FAE04EC0-301F-11D3-BF4B-00C04F79EFBC}") = "productRecommend", "productRecommend\productRecommend.csproj", "{921FE895-6AE5-416F-9542-47F51E54DAC2}"
EndProject
Project("{9A19103F-16F7-4668-BE54-9A1E7A4F7556}") = "productRecommendML.Model", "productRecommendML.Model\productRecommendML.Model.csproj", "{542F8E91-5F7E-411B-8AD4-169F3EF8AD9B}"
EndProject
Project("{9A19103F-16F7-4668-BE54-9A1E7A4F7556}") = "productRecommendML.ConsoleApp", "productRecommendML.ConsoleApp\productRecommendML.ConsoleApp.csproj", "{66E562A9-9182-42DE-96AD-66084ADB00E5}"
EndProject
Global
	GlobalSection(SolutionConfigurationPlatforms) = preSolution
		Debug|Any CPU = Debug|Any CPU
		Release|Any CPU = Release|Any CPU
	EndGlobalSection
	GlobalSection(ProjectConfigurationPlatforms) = postSolution
		{921FE895-6AE5-416F-9542-47F51E54DAC2}.Debug|Any CPU.ActiveCfg = Debug|Any CPU
		{921FE895-6AE5-416F-9542-47F51E54DAC2}.Debug|Any CPU.Build.0 = Debug|Any CPU
		{921FE895-6AE5-416F-9542-47F51E54DAC2}.Release|Any CPU.ActiveCfg = Release|Any CPU
		{921FE895-6AE5-416F-9542-47F51E54DAC2}.Release|Any CPU.Build.0 = Release|Any CPU
		{542F8E91-5F7E-411B-8AD4-169F3EF8AD9B}.Debug|Any CPU.ActiveCfg = Debug|Any CPU
		{542F8E91-5F7E-411B-8AD4-169F3EF8AD9B}.Debug|Any CPU.Build.0 = Debug|Any CPU
		{542F8E91-5F7E-411B-8AD4-169F3EF8AD9B}.Release|Any CPU.ActiveCfg = Release|Any CPU
		{542F8E91-5F7E-411B-8AD4-169F3EF8AD9B}.Release|Any CPU.Build.0 = Release|Any CPU
		{66E562A9-9182-42DE-96AD-66084ADB00E5}.Debug|Any CPU.ActiveCfg = Debug|Any CPU
		{66E562A9-9182-42DE-96AD-66084ADB00E5}.Debug|Any CPU.Build.0 = Debug|Any CPU
		{66E562A9-9182-42DE-96AD-66084ADB00E5}.Release|Any CPU.ActiveCfg = Release|Any CPU
		{66E562A9-9182-42DE-96AD-66084ADB00E5}.Release|Any CPU.Build.0 = Release|Any CPU
	EndGlobalSection
	GlobalSection(SolutionProperties) = preSolution
		HideSolutionNode = FALSE
	EndGlobalSection
	GlobalSection(ExtensibilityGlobals) = postSolution
		SolutionGuid = {1272DEDC-2AEC-4FD3-A633-4CC0C0A9C7AE}
	EndGlobalSection
EndGlobal
